
Microsoft Visual Studio Solution File, Format Version 12.00
# Visual Studio 15
VisualStudioVersion = 15.0.26124.0
MinimumVisualStudioVersion = 15.0.26124.0
Project("{2150E333-8FDC-42A3-9474-1A3956D46DE8}") = "src", "src", "{FD940B36-DA05-4B4A-994D-D11F3B59E495}"
EndProject
Project("{FAE04EC0-301F-11D3-BF4B-00C04F79EFBC}") = "GradeBook", "src\GradeBook\GradeBook.csproj", "{DE0E1EEC-74CB-466E-907F-4818364CC625}"
EndProject
Project("{2150E333-8FDC-42A3-9474-1A3956D46DE8}") = "test", "test", "{E4C17E22-3597-4EF7-8716-C2FC5C9FFE43}"
EndProject
Project("{FAE04EC0-301F-11D3-BF4B-00C04F79EFBC}") = "GradeBook.Tests", "test\GradeBook.Tests\GradeBook.Tests.csproj", "{418E7E83-6435-4D54-96C7-DE571002598F}"
EndProject
Global
	GlobalSection(SolutionConfigurationPlatforms) = preSolution
		Debug|Any CPU = Debug|Any CPU
		Debug|x64 = Debug|x64
		Debug|x86 = Debug|x86
		Release|Any CPU = Release|Any CPU
		Release|x64 = Release|x64
		Release|x86 = Release|x86
	EndGlobalSection
	GlobalSection(SolutionProperties) = preSolution
		HideSolutionNode = FALSE
	EndGlobalSection
	GlobalSection(ProjectConfigurationPlatforms) = postSolution
		{DE0E1EEC-74CB-466E-907F-4818364CC625}.Debug|Any CPU.ActiveCfg = Debug|Any CPU
		{DE0E1EEC-74CB-466E-907F-4818364CC625}.Debug|Any CPU.Build.0 = Debug|Any CPU
		{DE0E1EEC-74CB-466E-907F-4818364CC625}.Debug|x64.ActiveCfg = Debug|Any CPU
		{DE0E1EEC-74CB-466E-907F-4818364CC625}.Debug|x64.Build.0 = Debug|Any CPU
		{DE0E1EEC-74CB-466E-907F-4818364CC625}.Debug|x86.ActiveCfg = Debug|Any CPU
		{DE0E1EEC-74CB-466E-907F-4818364CC625}.Debug|x86.Build.0 = Debug|Any CPU
		{DE0E1EEC-74CB-466E-907F-4818364CC625}.Release|Any CPU.ActiveCfg = Release|Any CPU
		{DE0E1EEC-74CB-466E-907F-4818364CC625}.Release|Any CPU.Build.0 = Release|Any CPU
		{DE0E1EEC-74CB-466E-907F-4818364CC625}.Release|x64.ActiveCfg = Release|Any CPU
		{DE0E1EEC-74CB-466E-907F-4818364CC625}.Release|x64.Build.0 = Release|Any CPU
		{DE0E1EEC-74CB-466E-907F-4818364CC625}.Release|x86.ActiveCfg = Release|Any CPU
		{DE0E1EEC-74CB-466E-907F-4818364CC625}.Release|x86.Build.0 = Release|Any CPU
		{418E7E83-6435-4D54-96C7-DE571002598F}.Debug|Any CPU.ActiveCfg = Debug|Any CPU
		{418E7E83-6435-4D54-96C7-DE571002598F}.Debug|Any CPU.Build.0 = Debug|Any CPU
		{418E7E83-6435-4D54-96C7-DE571002598F}.Debug|x64.ActiveCfg = Debug|Any CPU
		{418E7E83-6435-4D54-96C7-DE571002598F}.Debug|x64.Build.0 = Debug|Any CPU
		{418E7E83-6435-4D54-96C7-DE571002598F}.Debug|x86.ActiveCfg = Debug|Any CPU
		{418E7E83-6435-4D54-96C7-DE571002598F}.Debug|x86.Build.0 = Debug|Any CPU
		{418E7E83-6435-4D54-96C7-DE571002598F}.Release|Any CPU.ActiveCfg = Release|Any CPU
		{418E7E83-6435-4D54-96C7-DE571002598F}.Release|Any CPU.Build.0 = Release|Any CPU
		{418E7E83-6435-4D54-96C7-DE571002598F}.Release|x64.ActiveCfg = Release|Any CPU
		{418E7E83-6435-4D54-96C7-DE571002598F}.Release|x64.Build.0 = Release|Any CPU
		{418E7E83-6435-4D54-96C7-DE571002598F}.Release|x86.ActiveCfg = Release|Any CPU
		{418E7E83-6435-4D54-96C7-DE571002598F}.Release|x86.Build.0 = Release|Any CPU
	EndGlobalSection
	GlobalSection(NestedProjects) = preSolution
		{DE0E1EEC-74CB-466E-907F-4818364CC625} = {FD940B36-DA05-4B4A-994D-D11F3B59E495}
		{418E7E83-6435-4D54-96C7-DE571002598F} = {E4C17E22-3597-4EF7-8716-C2FC5C9FFE43}
	EndGlobalSection
EndGlobal
